github.com/mitchellh/go-homedir v1.1.0 h1:lukF9ziXFxDFPkA1vsr5zpc1XuPDn/wFntq5mG+4E0Y=
github.com/mitchellh/go-homedir v1.1.0/go.mod h1:SfyaCUpYCn1Vlf4IUYiD9fPX4A5wJrkLzIz1N1q0pr0=
rsc.io/getopt v0.0.0-20170811000552-20be20937449 h1:UukjJOsjQH0DIuyyrcod6CXHS6cdaMMuJmrt+SN1j4A=
rsc.io/getopt v0.0.0-20170811000552-20be20937449/go.mod h1:dhCdeqAxkyt5u3/sKRkUXuHaMXUu1Pt13GTQAM2xnig=
